// !$*UTF8*$!
{
	archiveVersion = 1;
	classes = {
	};
	objectVersion = 50;
	objects = {

/* Begin PBXBuildFile section */
		E19C147522BAB18200C748D3 /* movies.json in Resources */ = {isa = PBXBuildFile; fileRef = E19C147422BAB18200C748D3 /* movies.json */; };
		E19C147B22BAB33900C748D3 /* MoviesTableTableViewController.swift in Sources */ = {isa = PBXBuildFile; fileRef = E19C147A22BAB33900C748D3 /* MoviesTableTableViewController.swift */; };
		E19C147E22BAB39500C748D3 /* TableViewCell.swift in Sources */ = {isa = PBXBuildFile; fileRef = E19C147C22BAB39500C748D3 /* TableViewCell.swift */; };
		E19C147F22BAB39500C748D3 /* TableViewCell.xib in Resources */ = {isa = PBXBuildFile; fileRef = E19C147D22BAB39500C748D3 /* TableViewCell.xib */; };
		E1EB2ED522B9235C00E1A048 /* AppDelegate.swift in Sources */ = {isa = PBXBuildFile; fileRef = E1EB2ED422B9235C00E1A048 /* AppDelegate.swift */; };
		E1EB2ED722B9235C00E1A048 /* ViewController.swift in Sources */ = {isa = PBXBuildFile; fileRef = E1EB2ED622B9235C00E1A048 /* ViewController.swift */; };
		E1EB2EDA22B9235C00E1A048 /* Main.storyboard in Resources */ = {isa = PBXBuildFile; fileRef = E1EB2ED822B9235C00E1A048 /* Main.storyboard */; };
		E1EB2EDC22B9235D00E1A048 /* Assets.xcassets in Resources */ = {isa = PBXBuildFile; fileRef = E1EB2EDB22B9235D00E1A048 /* Assets.xcassets */; };
		E1EB2EDF22B9235D00E1A048 /* LaunchScreen.storyboard in Resources */ = {isa = PBXBuildFile; fileRef = E1EB2EDD22B9235D00E1A048 /* LaunchScreen.storyboard */; };
		E1EB2EEA22B9235D00E1A048 /* MoviesTests.swift in Sources */ = {isa = PBXBuildFile; fileRef = E1EB2EE922B9235D00E1A048 /* MoviesTests.swift */; };
		E1EB2EF522B9235D00E1A048 /* MoviesUITests.swift in Sources */ = {isa = PBXBuildFile; fileRef = E1EB2EF422B9235D00E1A048 /* MoviesUITests.swift */; };
		E1EB2F0322B925E100E1A048 /* MovieDetail.storyboard in Resources */ = {isa = PBXBuildFile; fileRef = E1EB2F0222B925E100E1A048 /* MovieDetail.storyboard */; };
		E1EB2F0522B951E700E1A048 /* MovieViewController.swift in Sources */ = {isa = PBXBuildFile; fileRef = E1EB2F0422B951E600E1A048 /* MovieViewController.swift */; };
/* End PBXBuildFile section */

/* Begin PBXContainerItemProxy section */
		E1EB2EE622B9235D00E1A048 /* PBXContainerItemProxy */ = {
			isa = PBXContainerItemProxy;
			containerPortal = E1EB2EC922B9235C00E1A048 /* Project object */;
			proxyType = 1;
			remoteGlobalIDString = E1EB2ED022B9235C00E1A048;
			remoteInfo = Movies;
		};
		E1EB2EF122B9235D00E1A048 /* PBXContainerItemProxy */ = {
			isa = PBXContainerItemProxy;
			containerPortal = E1EB2EC922B9235C00E1A048 /* Project object */;
			proxyType = 1;
			remoteGlobalIDString = E1EB2ED022B9235C00E1A048;
			remoteInfo = Movies;
		};
/* End PBXContainerItemProxy section */

/* Begin PBXFileReference section */
		E19C147422BAB18200C748D3 /* movies.json */ = {isa = PBXFileReference; fileEncoding = 4; lastKnownFileType = text.json; name = movies.json; path = ../../../../Desktop/movies.json; sourceTree = "<group>"; };
		E19C147A22BAB33900C748D3 /* MoviesTableTableViewController.swift */ = {isa = PBXFileReference; lastKnownFileType = sourcecode.swift; path = MoviesTableTableViewController.swift; sourceTree = "<group>"; };
		E19C147C22BAB39500C748D3 /* TableViewCell.swift */ = {isa = PBXFileReference; lastKnownFileType = sourcecode.swift; path = TableViewCell.swift; sourceTree = "<group>"; };
		E19C147D22BAB39500C748D3 /* TableViewCell.xib */ = {isa = PBXFileReference; lastKnownFileType = file.xib; path = TableViewCell.xib; sourceTree = "<group>"; };
		E1EB2ED122B9235C00E1A048 /* Movies.app */ = {isa = PBXFileReference; explicitFileType = wrapper.application; includeInIndex = 0; path = Movies.app; sourceTree = BUILT_PRODUCTS_DIR; };
		E1EB2ED422B9235C00E1A048 /* AppDelegate.swift */ = {isa = PBXFileReference; lastKnownFileType = sourcecode.swift; path = AppDelegate.swift; sourceTree = "<group>"; };
		E1EB2ED622B9235C00E1A048 /* ViewController.swift */ = {isa = PBXFileReference; lastKnownFileType = sourcecode.swift; path = ViewController.swift; sourceTree = "<group>"; };
		E1EB2ED922B9235C00E1A048 /* Base */ = {isa = PBXFileReference; lastKnownFileType = file.storyboard; name = Base; path = Base.lproj/Main.storyboard; sourceTree = "<group>"; };
		E1EB2EDB22B9235D00E1A048 /* Assets.xcassets */ = {isa = PBXFileReference; lastKnownFileType = folder.assetcatalog; path = Assets.xcassets; sourceTree = "<group>"; };
		E1EB2EDE22B9235D00E1A048 /* Base */ = {isa = PBXFileReference; lastKnownFileType = file.storyboard; name = Base; path = Base.lproj/LaunchScreen.storyboard; sourceTree = "<group>"; };
		E1EB2EE022B9235D00E1A048 /* Info.plist */ = {isa = PBXFileReference; lastKnownFileType = text.plist.xml; path = Info.plist; sourceTree = "<group>"; };
		E1EB2EE522B9235D00E1A048 /* MoviesTests.xctest */ = {isa = PBXFileReference; explicitFileType = wrapper.cfbundle; includeInIndex = 0; path = MoviesTests.xctest; sourceTree = BUILT_PRODUCTS_DIR; };
		E1EB2EE922B9235D00E1A048 /* MoviesTests.swift */ = {isa = PBXFileReference; lastKnownFileType = sourcecode.swift; path = MoviesTests.swift; sourceTree = "<group>"; };
		E1EB2EEB22B9235D00E1A048 /* Info.plist */ = {isa = PBXFileReference; lastKnownFileType = text.plist.xml; path = Info.plist; sourceTree = "<group>"; };
		E1EB2EF022B9235D00E1A048 /* MoviesUITests.xctest */ = {isa = PBXFileReference; explicitFileType = wrapper.cfbundle; includeInIndex = 0; path = MoviesUITests.xctest; sourceTree = BUILT_PRODUCTS_DIR; };
		E1EB2EF422B9235D00E1A048 /* MoviesUITests.swift */ = {isa = PBXFileReference; lastKnownFileType = sourcecode.swift; path = MoviesUITests.swift; sourceTree = "<group>"; };
		E1EB2EF622B9235D00E1A048 /* Info.plist */ = {isa = PBXFileReference; lastKnownFileType = text.plist.xml; path = Info.plist; sourceTree = "<group>"; };
		E1EB2F0222B925E100E1A048 /* MovieDetail.storyboard */ = {isa = PBXFileReference; lastKnownFileType = file.storyboard; path = MovieDetail.storyboard; sourceTree = "<group>"; };
		E1EB2F0422B951E600E1A048 /* MovieViewController.swift */ = {isa = PBXFileReference; lastKnownFileType = sourcecode.swift; path = MovieViewController.swift; sourceTree = "<group>"; };
/* End PBXFileReference section */

/* Begin PBXFrameworksBuildPhase section */
		E1EB2ECE22B9235C00E1A048 /* Frameworks */ = {
			isa = PBXFrameworksBuildPhase;
			buildActionMask = 2147483647;
			files = (
			);
			runOnlyForDeploymentPostprocessing = 0;
		};
		E1EB2EE222B9235D00E1A048 /* Frameworks */ = {
			isa = PBXFrameworksBuildPhase;
			buildActionMask = 2147483647;
			files = (
			);
			runOnlyForDeploymentPostprocessing = 0;
		};
		E1EB2EED22B9235D00E1A048 /* Frameworks */ = {
			isa = PBXFrameworksBuildPhase;
			buildActionMask = 2147483647;
			files = (
			);
			runOnlyForDeploymentPostprocessing = 0;
		};
/* End PBXFrameworksBuildPhase section */

/* Begin PBXGroup section */
		E19C146F22BAAF7800C748D3 /* MovieDetail */ = {
			isa = PBXGroup;
			children = (
				E19C147222BAAFA500C748D3 /* View */,
				E19C147022BAAF8F00C748D3 /* Controller */,
			);
			path = MovieDetail;
			sourceTree = "<group>";
		};
		E19C147022BAAF8F00C748D3 /* Controller */ = {
			isa = PBXGroup;
			children = (
				E1EB2F0422B951E600E1A048 /* MovieViewController.swift */,
			);
			path = Controller;
			sourceTree = "<group>";
		};
		E19C147222BAAFA500C748D3 /* View */ = {
			isa = PBXGroup;
			children = (
				E1EB2F0222B925E100E1A048 /* MovieDetail.storyboard */,
			);
			path = View;
			sourceTree = "<group>";
		};
		E19C147322BAB13600C748D3 /* Resources */ = {
			isa = PBXGroup;
			children = (
				E19C147422BAB18200C748D3 /* movies.json */,
			);
			path = Resources;
			sourceTree = "<group>";
		};
		E19C147622BAB1A800C748D3 /* Home */ = {
			isa = PBXGroup;
			children = (
				E19C147722BAB1B700C748D3 /* Model */,
				E19C147822BAB1C800C748D3 /* View */,
				E19C147922BAB1CE00C748D3 /* Controller */,
			);
			path = Home;
			sourceTree = "<group>";
		};
		E19C147722BAB1B700C748D3 /* Model */ = {
			isa = PBXGroup;
			children = (
			);
			path = Model;
			sourceTree = "<group>";
		};
		E19C147822BAB1C800C748D3 /* View */ = {
			isa = PBXGroup;
			children = (
				E1EB2ED822B9235C00E1A048 /* Main.storyboard */,
				E19C147C22BAB39500C748D3 /* TableViewCell.swift */,
				E19C147D22BAB39500C748D3 /* TableViewCell.xib */,
			);
			path = View;
			sourceTree = "<group>";
		};
		E19C147922BAB1CE00C748D3 /* Controller */ = {
			isa = PBXGroup;
			children = (
				E19C147A22BAB33900C748D3 /* MoviesTableTableViewController.swift */,
			);
			path = Controller;
			sourceTree = "<group>";
		};
		E1EB2EC822B9235C00E1A048 = {
			isa = PBXGroup;
			children = (
				E1EB2ED322B9235C00E1A048 /* Movies */,
				E1EB2EE822B9235D00E1A048 /* MoviesTests */,
				E1EB2EF322B9235D00E1A048 /* MoviesUITests */,
				E1EB2ED222B9235C00E1A048 /* Products */,
			);
			sourceTree = "<group>";
		};
		E1EB2ED222B9235C00E1A048 /* Products */ = {
			isa = PBXGroup;
			children = (
				E1EB2ED122B9235C00E1A048 /* Movies.app */,
				E1EB2EE522B9235D00E1A048 /* MoviesTests.xctest */,
				E1EB2EF022B9235D00E1A048 /* MoviesUITests.xctest */,
			);
			name = Products;
			sourceTree = "<group>";
		};
		E1EB2ED322B9235C00E1A048 /* Movies */ = {
			isa = PBXGroup;
			children = (
				E19C147622BAB1A800C748D3 /* Home */,
				E19C147322BAB13600C748D3 /* Resources */,
				E19C146F22BAAF7800C748D3 /* MovieDetail */,
				E1EB2ED422B9235C00E1A048 /* AppDelegate.swift */,
				E1EB2ED622B9235C00E1A048 /* ViewController.swift */,
				E1EB2EDB22B9235D00E1A048 /* Assets.xcassets */,
				E1EB2EDD22B9235D00E1A048 /* LaunchScreen.storyboard */,
				E1EB2EE022B9235D00E1A048 /* Info.plist */,
			);
			path = Movies;
			sourceTree = "<group>";
		};
		E1EB2EE822B9235D00E1A048 /* MoviesTests */ = {
			isa = PBXGroup;
			children = (
				E1EB2EE922B9235D00E1A048 /* MoviesTests.swift */,
				E1EB2EEB22B9235D00E1A048 /* Info.plist */,
			);
			path = MoviesTests;
			sourceTree = "<group>";
		};
		E1EB2EF322B9235D00E1A048 /* MoviesUITests */ = {
			isa = PBXGroup;
			children = (
				E1EB2EF422B9235D00E1A048 /* MoviesUITests.swift */,
				E1EB2EF622B9235D00E1A048 /* Info.plist */,
			);
			path = MoviesUITests;
			sourceTree = "<group>";
		};
/* End PBXGroup section */

/* Begin PBXNativeTarget section */
		E1EB2ED022B9235C00E1A048 /* Movies */ = {
			isa = PBXNativeTarget;
			buildConfigurationList = E1EB2EF922B9235D00E1A048 /* Build configuration list for PBXNativeTarget "Movies" */;
			buildPhases = (
				E1EB2ECD22B9235C00E1A048 /* Sources */,
				E1EB2ECE22B9235C00E1A048 /* Frameworks */,
				E1EB2ECF22B9235C00E1A048 /* Resources */,
			);
			buildRules = (
			);
			dependencies = (
			);
			name = Movies;
			productName = Movies;
			productReference = E1EB2ED122B9235C00E1A048 /* Movies.app */;
			productType = "com.apple.product-type.application";
		};
		E1EB2EE422B9235D00E1A048 /* MoviesTests */ = {
			isa = PBXNativeTarget;
			buildConfigurationList = E1EB2EFC22B9235D00E1A048 /* Build configuration list for PBXNativeTarget "MoviesTests" */;
			buildPhases = (
				E1EB2EE122B9235D00E1A048 /* Sources */,
				E1EB2EE222B9235D00E1A048 /* Frameworks */,
				E1EB2EE322B9235D00E1A048 /* Resources */,
			);
			buildRules = (
			);
			dependencies = (
				E1EB2EE722B9235D00E1A048 /* PBXTargetDependency */,
			);
			name = MoviesTests;
			productName = MoviesTests;
			productReference = E1EB2EE522B9235D00E1A048 /* MoviesTests.xctest */;
			productType = "com.apple.product-type.bundle.unit-test";
		};
		E1EB2EEF22B9235D00E1A048 /* MoviesUITests */ = {
			isa = PBXNativeTarget;
			buildConfigurationList = E1EB2EFF22B9235D00E1A048 /* Build configuration list for PBXNativeTarget "MoviesUITests" */;
			buildPhases = (
				E1EB2EEC22B9235D00E1A048 /* Sources */,
				E1EB2EED22B9235D00E1A048 /* Frameworks */,
				E1EB2EEE22B9235D00E1A048 /* Resources */,
			);
			buildRules = (
			);
			dependencies = (
				E1EB2EF222B9235D00E1A048 /* PBXTargetDependency */,
			);
			name = MoviesUITests;
			productName = MoviesUITests;
			productReference = E1EB2EF022B9235D00E1A048 /* MoviesUITests.xctest */;
			productType = "com.apple.product-type.bundle.ui-testing";
		};
/* End PBXNativeTarget section */

/* Begin PBXProject section */
		E1EB2EC922B9235C00E1A048 /* Project object */ = {
			isa = PBXProject;
			attributes = {
				LastSwiftUpdateCheck = 1020;
				LastUpgradeCheck = 1020;
				ORGANIZATIONNAME = "Pamela Ianovalli";
				TargetAttributes = {
					E1EB2ED022B9235C00E1A048 = {
						CreatedOnToolsVersion = 10.2.1;
					};
					E1EB2EE422B9235D00E1A048 = {
						CreatedOnToolsVersion = 10.2.1;
						TestTargetID = E1EB2ED022B9235C00E1A048;
					};
					E1EB2EEF22B9235D00E1A048 = {
						CreatedOnToolsVersion = 10.2.1;
						TestTargetID = E1EB2ED022B9235C00E1A048;
					};
				};
			};
			buildConfigurationList = E1EB2ECC22B9235C00E1A048 /* Build configuration list for PBXProject "Movies" */;
			compatibilityVersion = "Xcode 9.3";
			developmentRegion = en;
			hasScannedForEncodings = 0;
			knownRegions = (
				en,
				Base,
			);
			mainGroup = E1EB2EC822B9235C00E1A048;
			productRefGroup = E1EB2ED222B9235C00E1A048 /* Products */;
			projectDirPath = "";
			projectRoot = "";
			targets = (
				E1EB2ED022B9235C00E1A048 /* Movies */,
				E1EB2EE422B9235D00E1A048 /* MoviesTests */,
				E1EB2EEF22B9235D00E1A048 /* MoviesUITests */,
			);
		};
/* End PBXProject section */

/* Begin PBXResourcesBuildPhase section */
		E1EB2ECF22B9235C00E1A048 /* Resources */ = {
			isa = PBXResourcesBuildPhase;
			buildActionMask = 2147483647;
			files = (
				E1EB2F0322B925E100E1A048 /* MovieDetail.storyboard in Resources */,
				E19C147F22BAB39500C748D3 /* TableViewCell.xib in Resources */,
				E1EB2EDF22B9235D00E1A048 /* LaunchScreen.storyboard in Resources */,
				E19C147522BAB18200C748D3 /* movies.json in Resources */,
				E1EB2EDC22B9235D00E1A048 /* Assets.xcassets in Resources */,
				E1EB2EDA22B9235C00E1A048 /* Main.storyboard in Resources */,
			);
			runOnlyForDeploymentPostprocessing = 0;
		};
		E1EB2EE322B9235D00E1A048 /* Resources */ = {
			isa = PBXResourcesBuildPhase;
			buildActionMask = 2147483647;
			files = (
			);
			runOnlyForDeploymentPostprocessing = 0;
		};
		E1EB2EEE22B9235D00E1A048 /* Resources */ = {
			isa = PBXResourcesBuildPhase;
			buildActionMask = 2147483647;
			files = (
			);
			runOnlyForDeploymentPostprocessing = 0;
		};
/* End PBXResourcesBuildPhase section */

/* Begin PBXSourcesBuildPhase section */
		E1EB2ECD22B9235C00E1A048 /* Sources */ = {
			isa = PBXSourcesBuildPhase;
			buildActionMask = 2147483647;
			files = (
				E19C147E22BAB39500C748D3 /* TableViewCell.swift in Sources */,
				E1EB2ED722B9235C00E1A048 /* ViewController.swift in Sources */,
				E19C147B22BAB33900C748D3 /* MoviesTableTableViewController.swift in Sources */,
				E1EB2ED522B9235C00E1A048 /* AppDelegate.swift in Sources */,
				E1EB2F0522B951E700E1A048 /* MovieViewController.swift in Sources */,
			);
			runOnlyForDeploymentPostprocessing = 0;
		};
		E1EB2EE122B9235D00E1A048 /* Sources */ = {
			isa = PBXSourcesBuildPhase;
			buildActionMask = 2147483647;
			files = (
				E1EB2EEA22B9235D00E1A048 /* MoviesTests.swift in Sources */,
			);
			runOnlyForDeploymentPostprocessing = 0;
		};
		E1EB2EEC22B9235D00E1A048 /* Sources */ = {
			isa = PBXSourcesBuildPhase;
			buildActionMask = 2147483647;
			files = (
				E1EB2EF522B9235D00E1A048 /* MoviesUITests.swift in Sources */,
			);
			runOnlyForDeploymentPostprocessing = 0;
		};
/* End PBXSourcesBuildPhase section */

/* Begin PBXTargetDependency section */
		E1EB2EE722B9235D00E1A048 /* PBXTargetDependency */ = {
			isa = PBXTargetDependency;
			target = E1EB2ED022B9235C00E1A048 /* Movies */;
			targetProxy = E1EB2EE622B9235D00E1A048 /* PBXContainerItemProxy */;
		};
		E1EB2EF222B9235D00E1A048 /* PBXTargetDependency */ = {
			isa = PBXTargetDependency;
			target = E1EB2ED022B9235C00E1A048 /* Movies */;
			targetProxy = E1EB2EF122B9235D00E1A048 /* PBXContainerItemProxy */;
		};
/* End PBXTargetDependency section */

/* Begin PBXVariantGroup section */
		E1EB2ED822B9235C00E1A048 /* Main.storyboard */ = {
			isa = PBXVariantGroup;
			children = (
				E1EB2ED922B9235C00E1A048 /* Base */,
			);
			name = Main.storyboard;
			sourceTree = "<group>";
		};
		E1EB2EDD22B9235D00E1A048 /* LaunchScreen.storyboard */ = {
			isa = PBXVariantGroup;
			children = (
				E1EB2EDE22B9235D00E1A048 /* Base */,
			);
			name = LaunchScreen.storyboard;
			sourceTree = "<group>";
		};
/* End PBXVariantGroup section */

/* Begin XCBuildConfiguration section */
		E1EB2EF722B9235D00E1A048 /* Debug */ = {
			isa = XCBuildConfiguration;
			buildSettings = {
				ALWAYS_SEARCH_USER_PATHS = NO;
				CLANG_ANALYZER_NONNULL = YES;
				CLANG_ANALYZER_NUMBER_OBJECT_CONVERSION = YES_AGGRESSIVE;
				CLANG_CXX_LANGUAGE_STANDARD = "gnu++14";
				CLANG_CXX_LIBRARY = "libc++";
				CLANG_ENABLE_MODULES = YES;
				CLANG_ENABLE_OBJC_ARC = YES;
				CLANG_ENABLE_OBJC_WEAK = YES;
				CLANG_WARN_BLOCK_CAPTURE_AUTORELEASING = YES;
				CLANG_WARN_BOOL_CONVERSION = YES;
				CLANG_WARN_COMMA = YES;
				CLANG_WARN_CONSTANT_CONVERSION = YES;
				CLANG_WARN_DEPRECATED_OBJC_IMPLEMENTATIONS = YES;
				CLANG_WARN_DIRECT_OBJC_ISA_USAGE = YES_ERROR;
				CLANG_WARN_DOCUMENTATION_COMMENTS = YES;
				CLANG_WARN_EMPTY_BODY = YES;
				CLANG_WARN_ENUM_CONVERSION = YES;
				CLANG_WARN_INFINITE_RECURSION = YES;
				CLANG_WARN_INT_CONVERSION = YES;
				CLANG_WARN_NON_LITERAL_NULL_CONVERSION = YES;
				CLANG_WARN_OBJC_IMPLICIT_RETAIN_SELF = YES;
				CLANG_WARN_OBJC_LITERAL_CONVERSION = YES;
				CLANG_WARN_OBJC_ROOT_CLASS = YES_ERROR;
				CLANG_WARN_RANGE_LOOP_ANALYSIS = YES;
				CLANG_WARN_STRICT_PROTOTYPES = YES;
				CLANG_WARN_SUSPICIOUS_MOVE = YES;
				CLANG_WARN_UNGUARDED_AVAILABILITY = YES_AGGRESSIVE;
				CLANG_WARN_UNREACHABLE_CODE = YES;
				CLANG_WARN__DUPLICATE_METHOD_MATCH = YES;
				CODE_SIGN_IDENTITY = "iPhone Developer";
				COPY_PHASE_STRIP = NO;
				DEBUG_INFORMATION_FORMAT = dwarf;
				ENABLE_STRICT_OBJC_MSGSEND = YES;
				ENABLE_TESTABILITY = YES;
				GCC_C_LANGUAGE_STANDARD = gnu11;
				GCC_DYNAMIC_NO_PIC = NO;
				GCC_NO_COMMON_BLOCKS = YES;
				GCC_OPTIMIZATION_LEVEL = 0;
				GCC_PREPROCESSOR_DEFINITIONS = (
					"DEBUG=1",
					"$(inherited)",
				);
				GCC_WARN_64_TO_32_BIT_CONVERSION = YES;
				GCC_WARN_ABOUT_RETURN_TYPE = YES_ERROR;
				GCC_WARN_UNDECLARED_SELECTOR = YES;
				GCC_WARN_UNINITIALIZED_AUTOS = YES_AGGRESSIVE;
				GCC_WARN_UNUSED_FUNCTION = YES;
				GCC_WARN_UNUSED_VARIABLE = YES;
				IPHONEOS_DEPLOYMENT_TARGET = 12.2;
				MTL_ENABLE_DEBUG_INFO = INCLUDE_SOURCE;
				MTL_FAST_MATH = YES;
				ONLY_ACTIVE_ARCH = YES;
				SDKROOT = iphoneos;
				SWIFT_ACTIVE_COMPILATION_CONDITIONS = DEBUG;
				SWIFT_OPTIMIZATION_LEVEL = "-Onone";
			};
			name = Debug;
		};
		E1EB2EF822B9235D00E1A048 /* Release */ = {
			isa = XCBuildConfiguration;
			buildSettings = {
				ALWAYS_SEARCH_USER_PATHS = NO;
				CLANG_ANALYZER_NONNULL = YES;
				CLANG_ANALYZER_NUMBER_OBJECT_CONVERSION = YES_AGGRESSIVE;
				CLANG_CXX_LANGUAGE_STANDARD = "gnu++14";
				CLANG_CXX_LIBRARY = "libc++";
				CLANG_ENABLE_MODULES = YES;
				CLANG_ENABLE_OBJC_ARC = YES;
				CLANG_ENABLE_OBJC_WEAK = YES;
				CLANG_WARN_BLOCK_CAPTURE_AUTORELEASING = YES;
				CLANG_WARN_BOOL_CONVERSION = YES;
				CLANG_WARN_COMMA = YES;
				CLANG_WARN_CONSTANT_CONVERSION = YES;
				CLANG_WARN_DEPRECATED_OBJC_IMPLEMENTATIONS = YES;
				CLANG_WARN_DIRECT_OBJC_ISA_USAGE = YES_ERROR;
				CLANG_WARN_DOCUMENTATION_COMMENTS = YES;
				CLANG_WARN_EMPTY_BODY = YES;
				CLANG_WARN_ENUM_CONVERSION = YES;
				CLANG_WARN_INFINITE_RECURSION = YES;
				CLANG_WARN_INT_CONVERSION = YES;
				CLANG_WARN_NON_LITERAL_NULL_CONVERSION = YES;
				CLANG_WARN_OBJC_IMPLICIT_RETAIN_SELF = YES;
				CLANG_WARN_OBJC_LITERAL_CONVERSION = YES;
				CLANG_WARN_OBJC_ROOT_CLASS = YES_ERROR;
				CLANG_WARN_RANGE_LOOP_ANALYSIS = YES;
				CLANG_WARN_STRICT_PROTOTYPES = YES;
				CLANG_WARN_SUSPICIOUS_MOVE = YES;
				CLANG_WARN_UNGUARDED_AVAILABILITY = YES_AGGRESSIVE;
				CLANG_WARN_UNREACHABLE_CODE = YES;
				CLANG_WARN__DUPLICATE_METHOD_MATCH = YES;
				CODE_SIGN_IDENTITY = "iPhone Developer";
				COPY_PHASE_STRIP = NO;
				DEBUG_INFORMATION_FORMAT = "dwarf-with-dsym";
				ENABLE_NS_ASSERTIONS = NO;
				ENABLE_STRICT_OBJC_MSGSEND = YES;
				GCC_C_LANGUAGE_STANDARD = gnu11;
				GCC_NO_COMMON_BLOCKS = YES;
				GCC_WARN_64_TO_32_BIT_CONVERSION = YES;
				GCC_WARN_ABOUT_RETURN_TYPE = YES_ERROR;
				GCC_WARN_UNDECLARED_SELECTOR = YES;
				GCC_WARN_UNINITIALIZED_AUTOS = YES_AGGRESSIVE;
				GCC_WARN_UNUSED_FUNCTION = YES;
				GCC_WARN_UNUSED_VARIABLE = YES;
				IPHONEOS_DEPLOYMENT_TARGET = 12.2;
				MTL_ENABLE_DEBUG_INFO = NO;
				MTL_FAST_MATH = YES;
				SDKROOT = iphoneos;
				SWIFT_COMPILATION_MODE = wholemodule;
				SWIFT_OPTIMIZATION_LEVEL = "-O";
				VALIDATE_PRODUCT = YES;
			};
			name = Release;
		};
		E1EB2EFA22B9235D00E1A048 /* Debug */ = {
			isa = XCBuildConfiguration;
			buildSettings = {
				ASSETCATALOG_COMPILER_APPICON_NAME = AppIcon;
				CODE_SIGN_STYLE = Automatic;
				DEVELOPMENT_TEAM = X74VG8LAZG;
				INFOPLIST_FILE = Movies/Info.plist;
				LD_RUNPATH_SEARCH_PATHS = (
					"$(inherited)",
					"@executable_path/Frameworks",
				);
				PRODUCT_BUNDLE_IDENTIFIER = "pamela.novalli-gmail.com.Movies";
				PRODUCT_NAME = "$(TARGET_NAME)";
				SWIFT_VERSION = 5.0;
				TARGETED_DEVICE_FAMILY = "1,2";
			};
			name = Debug;
		};
		E1EB2EFB22B9235D00E1A048 /* Release */ = {
			isa = XCBuildConfiguration;
			buildSettings = {
				ASSETCATALOG_COMPILER_APPICON_NAME = AppIcon;
				CODE_SIGN_STYLE = Automatic;
				DEVELOPMENT_TEAM = X74VG8LAZG;
				INFOPLIST_FILE = Movies/Info.plist;
				LD_RUNPATH_SEARCH_PATHS = (
					"$(inherited)",
					"@executable_path/Frameworks",
				);
				PRODUCT_BUNDLE_IDENTIFIER = "pamela.novalli-gmail.com.Movies";
				PRODUCT_NAME = "$(TARGET_NAME)";
				SWIFT_VERSION = 5.0;
				TARGETED_DEVICE_FAMILY = "1,2";
			};
			name = Release;
		};
		E1EB2EFD22B9235D00E1A048 /* Debug */ = {
			isa = XCBuildConfiguration;
			buildSettings = {
				ALWAYS_EMBED_SWIFT_STANDARD_LIBRARIES = YES;
				BUNDLE_LOADER = "$(TEST_HOST)";
				CODE_SIGN_STYLE = Automatic;
				DEVELOPMENT_TEAM = X74VG8LAZG;
				INFOPLIST_FILE = MoviesTests/Info.plist;
				LD_RUNPATH_SEARCH_PATHS = (
					"$(inherited)",
					"@executable_path/Frameworks",
					"@loader_path/Frameworks",
				);
				PRODUCT_BUNDLE_IDENTIFIER = "pamela.novalli-gmail.com.MoviesTests";
				PRODUCT_NAME = "$(TARGET_NAME)";
				SWIFT_VERSION = 5.0;
				TARGETED_DEVICE_FAMILY = "1,2";
				TEST_HOST = "$(BUILT_PRODUCTS_DIR)/Movies.app/Movies";
			};
			name = Debug;
		};
		E1EB2EFE22B9235D00E1A048 /* Release */ = {
			isa = XCBuildConfiguration;
			buildSettings = {
				ALWAYS_EMBED_SWIFT_STANDARD_LIBRARIES = YES;
				BUNDLE_LOADER = "$(TEST_HOST)";
				CODE_SIGN_STYLE = Automatic;
				DEVELOPMENT_TEAM = X74VG8LAZG;
				INFOPLIST_FILE = MoviesTests/Info.plist;
				LD_RUNPATH_SEARCH_PATHS = (
					"$(inherited)",
					"@executable_path/Frameworks",
					"@loader_path/Frameworks",
				);
				PRODUCT_BUNDLE_IDENTIFIER = "pamela.novalli-gmail.com.MoviesTests";
				PRODUCT_NAME = "$(TARGET_NAME)";
				SWIFT_VERSION = 5.0;
				TARGETED_DEVICE_FAMILY = "1,2";
				TEST_HOST = "$(BUILT_PRODUCTS_DIR)/Movies.app/Movies";
			};
			name = Release;
		};
		E1EB2F0022B9235D00E1A048 /* Debug */ = {
			isa = XCBuildConfiguration;
			buildSettings = {
				ALWAYS_EMBED_SWIFT_STANDARD_LIBRARIES = YES;
				CODE_SIGN_STYLE = Automatic;
				DEVELOPMENT_TEAM = X74VG8LAZG;
				INFOPLIST_FILE = MoviesUITests/Info.plist;
				LD_RUNPATH_SEARCH_PATHS = (
					"$(inherited)",
					"@executable_path/Frameworks",
					"@loader_path/Frameworks",
				);
				PRODUCT_BUNDLE_IDENTIFIER = "pamela.novalli-gmail.com.MoviesUITests";
				PRODUCT_NAME = "$(TARGET_NAME)";
				SWIFT_VERSION = 5.0;
				TARGETED_DEVICE_FAMILY = "1,2";
				TEST_TARGET_NAME = Movies;
			};
			name = Debug;
		};
		E1EB2F0122B9235D00E1A048 /* Release */ = {
			isa = XCBuildConfiguration;
			buildSettings = {
				ALWAYS_EMBED_SWIFT_STANDARD_LIBRARIES = YES;
				CODE_SIGN_STYLE = Automatic;
				DEVELOPMENT_TEAM = X74VG8LAZG;
				INFOPLIST_FILE = MoviesUITests/Info.plist;
				LD_RUNPATH_SEARCH_PATHS = (
					"$(inherited)",
					"@executable_path/Frameworks",
					"@loader_path/Frameworks",
				);
				PRODUCT_BUNDLE_IDENTIFIER = "pamela.novalli-gmail.com.MoviesUITests";
				PRODUCT_NAME = "$(TARGET_NAME)";
				SWIFT_VERSION = 5.0;
				TARGETED_DEVICE_FAMILY = "1,2";
				TEST_TARGET_NAME = Movies;
			};
			name = Release;
		};
/* End XCBuildConfiguration section */

/* Begin XCConfigurationList section */
		E1EB2ECC22B9235C00E1A048 /* Build configuration list for PBXProject "Movies" */ = {
			isa = XCConfigurationList;
			buildConfigurations = (
				E1EB2EF722B9235D00E1A048 /* Debug */,
				E1EB2EF822B9235D00E1A048 /* Release */,
			);
			defaultConfigurationIsVisible = 0;
			defaultConfigurationName = Release;
		};
		E1EB2EF922B9235D00E1A048 /* Build configuration list for PBXNativeTarget "Movies" */ = {
			isa = XCConfigurationList;
			buildConfigurations = (
				E1EB2EFA22B9235D00E1A048 /* Debug */,
				E1EB2EFB22B9235D00E1A048 /* Release */,
			);
			defaultConfigurationIsVisible = 0;
			defaultConfigurationName = Release;
		};
		E1EB2EFC22B9235D00E1A048 /* Build configuration list for PBXNativeTarget "MoviesTests" */ = {
			isa = XCConfigurationList;
			buildConfigurations = (
				E1EB2EFD22B9235D00E1A048 /* Debug */,
				E1EB2EFE22B9235D00E1A048 /* Release */,
			);
			defaultConfigurationIsVisible = 0;
			defaultConfigurationName = Release;
		};
		E1EB2EFF22B9235D00E1A048 /* Build configuration list for PBXNativeTarget "MoviesUITests" */ = {
			isa = XCConfigurationList;
			buildConfigurations = (
				E1EB2F0022B9235D00E1A048 /* Debug */,
				E1EB2F0122B9235D00E1A048 /* Release */,
			);
			defaultConfigurationIsVisible = 0;
			defaultConfigurationName = Release;
		};
/* End XCConfigurationList section */
	};
	rootObject = E1EB2EC922B9235C00E1A048 /* Project object */;
}
